
Microsoft Visual Studio Solution File, Format Version 12.00
# Visual Studio Version 17
VisualStudioVersion = 17.3.32804.467
MinimumVisualStudioVersion = 10.0.40219.1
Project("{9A19103F-16F7-4668-BE54-9A1E7A4F7556}") = "TgDrive.Domain.Telegram", "TgGateway\TgDrive.Domain.Telegram.csproj", "{0DCABC52-4396-4280-B906-0D7A0D9DB056}"
EndProject
Project("{9A19103F-16F7-4668-BE54-9A1E7A4F7556}") = "TgDrive.DataAccess.Shared", "Repositories\TgDrive.DataAccess.Shared.csproj", "{BCD45269-625E-486B-A9C7-CFE519E0B599}"
EndProject
Project("{9A19103F-16F7-4668-BE54-9A1E7A4F7556}") = "TgDrive.DataAccess.EntityFrameworkCore", "EfRepositories\TgDrive.DataAccess.EntityFrameworkCore.csproj", "{8AAB0C1F-52D1-44C2-B8E4-004D92B7933C}"
EndProject
Project("{9A19103F-16F7-4668-BE54-9A1E7A4F7556}") = "TgDrive.Infrastructure.LiteDB", "TgChatsStorage\TgDrive.Infrastructure.LiteDB.csproj", "{93A8A565-3650-4206-BE61-F4E73750D5F0}"
EndProject
Project("{2150E333-8FDC-42A3-9474-1A3956D46DE8}") = "Infrastructure", "Infrastructure", "{6A977CCA-A304-424C-A93E-8DFDAD42EC35}"
EndProject
Project("{9A19103F-16F7-4668-BE54-9A1E7A4F7556}") = "TgDrive.Infrastructure.AutoMapper", "MappingConfig\TgDrive.Infrastructure.AutoMapper.csproj", "{9F88E77E-EE8C-4B87-AA96-ABF998D8C927}"
EndProject
Project("{9A19103F-16F7-4668-BE54-9A1E7A4F7556}") = "TgDrive.Domain.Shared", "DataTransfer\TgDrive.Domain.Shared.csproj", "{2CD357B0-EDA8-4E9E-9D8B-3DE032AD0E3F}"
EndProject
Project("{9A19103F-16F7-4668-BE54-9A1E7A4F7556}") = "TgDrive.DataAccess.MySqlMigrations", "MySqlMigrations\TgDrive.DataAccess.MySqlMigrations.csproj", "{A1FAE28F-9910-4D86-B837-3A8E622F0416}"
EndProject
Project("{9A19103F-16F7-4668-BE54-9A1E7A4F7556}") = "TgDrive.Infrastructure.RabbitMQ", "TgServices.Shared\TgDrive.Infrastructure.RabbitMQ.csproj", "{809686E5-AE4A-48A6-9293-CDC663A093E5}"
EndProject
Project("{9A19103F-16F7-4668-BE54-9A1E7A4F7556}") = "TgDrive.BotClient.Frontend", "TgFrontend\TgDrive.BotClient.Frontend.csproj", "{EFDC5D71-77E6-4679-B3B9-640CD1D7942D}"
EndProject
Project("{9A19103F-16F7-4668-BE54-9A1E7A4F7556}") = "TgDrive.Domain.Services", "DriveServices\TgDrive.Domain.Services.csproj", "{01CAECDD-ADC2-48E7-A2B5-2D118C1E9BA7}"
EndProject
Project("{9A19103F-16F7-4668-BE54-9A1E7A4F7556}") = "TgDrive.Web.HttpApi", "ServicesWebApi\TgDrive.Web.HttpApi.csproj", "{49767A65-7297-4AA3-911B-AF82CD512DB9}"
EndProject
Project("{9A19103F-16F7-4668-BE54-9A1E7A4F7556}") = "TgDrive.Web.Auth", "TgAuth\TgDrive.Web.Auth.csproj", "{82A8CC19-0F8A-440F-A6C0-849FE12D73CE}"
EndProject
Project("{9A19103F-16F7-4668-BE54-9A1E7A4F7556}") = "TgDrive.Infrastructure.ServicesConfig", "ServicesExtensions\TgDrive.Infrastructure.ServicesConfig.csproj", "{D81EB9F2-D793-4EA3-8A40-4F1A4B4496FC}"
EndProject
Project("{9A19103F-16F7-4668-BE54-9A1E7A4F7556}") = "TgDrive.BotClient.Host", "BotHost\TgDrive.BotClient.Host.csproj", "{5553CB65-8053-4F6C-B798-0BF0BCB7DCAC}"
EndProject
Project("{2150E333-8FDC-42A3-9474-1A3956D46DE8}") = "BotClient", "BotClient", "{13661E14-49B6-4EC7-98D4-2ACCA5E3B668}"
EndProject
Project("{2150E333-8FDC-42A3-9474-1A3956D46DE8}") = "Web", "Web", "{4B3F8B44-16D8-4CC1-8C11-8CA8FA90C765}"
EndProject
Project("{2150E333-8FDC-42A3-9474-1A3956D46DE8}") = "Domain", "Domain", "{C6F58060-43DF-45BD-B1B3-8472CC3CED8D}"
EndProject
Project("{2150E333-8FDC-42A3-9474-1A3956D46DE8}") = "DataAccess", "DataAccess", "{39C8673E-9EBC-43F0-953A-3DE83AAD5C7D}"
EndProject
Global
	GlobalSection(SolutionConfigurationPlatforms) = preSolution
		Debug|Any CPU = Debug|Any CPU
		Release|Any CPU = Release|Any CPU
	EndGlobalSection
	GlobalSection(ProjectConfigurationPlatforms) = postSolution
		{0DCABC52-4396-4280-B906-0D7A0D9DB056}.Debug|Any CPU.ActiveCfg = Debug|Any CPU
		{0DCABC52-4396-4280-B906-0D7A0D9DB056}.Debug|Any CPU.Build.0 = Debug|Any CPU
		{0DCABC52-4396-4280-B906-0D7A0D9DB056}.Release|Any CPU.ActiveCfg = Release|Any CPU
		{0DCABC52-4396-4280-B906-0D7A0D9DB056}.Release|Any CPU.Build.0 = Release|Any CPU
		{BCD45269-625E-486B-A9C7-CFE519E0B599}.Debug|Any CPU.ActiveCfg = Debug|Any CPU
		{BCD45269-625E-486B-A9C7-CFE519E0B599}.Debug|Any CPU.Build.0 = Debug|Any CPU
		{BCD45269-625E-486B-A9C7-CFE519E0B599}.Release|Any CPU.ActiveCfg = Release|Any CPU
		{BCD45269-625E-486B-A9C7-CFE519E0B599}.Release|Any CPU.Build.0 = Release|Any CPU
		{8AAB0C1F-52D1-44C2-B8E4-004D92B7933C}.Debug|Any CPU.ActiveCfg = Debug|Any CPU
		{8AAB0C1F-52D1-44C2-B8E4-004D92B7933C}.Debug|Any CPU.Build.0 = Debug|Any CPU
		{8AAB0C1F-52D1-44C2-B8E4-004D92B7933C}.Release|Any CPU.ActiveCfg = Release|Any CPU
		{8AAB0C1F-52D1-44C2-B8E4-004D92B7933C}.Release|Any CPU.Build.0 = Release|Any CPU
		{93A8A565-3650-4206-BE61-F4E73750D5F0}.Debug|Any CPU.ActiveCfg = Debug|Any CPU
		{93A8A565-3650-4206-BE61-F4E73750D5F0}.Debug|Any CPU.Build.0 = Debug|Any CPU
		{93A8A565-3650-4206-BE61-F4E73750D5F0}.Release|Any CPU.ActiveCfg = Release|Any CPU
		{93A8A565-3650-4206-BE61-F4E73750D5F0}.Release|Any CPU.Build.0 = Release|Any CPU
		{9F88E77E-EE8C-4B87-AA96-ABF998D8C927}.Debug|Any CPU.ActiveCfg = Debug|Any CPU
		{9F88E77E-EE8C-4B87-AA96-ABF998D8C927}.Debug|Any CPU.Build.0 = Debug|Any CPU
		{9F88E77E-EE8C-4B87-AA96-ABF998D8C927}.Release|Any CPU.ActiveCfg = Release|Any CPU
		{9F88E77E-EE8C-4B87-AA96-ABF998D8C927}.Release|Any CPU.Build.0 = Release|Any CPU
		{2CD357B0-EDA8-4E9E-9D8B-3DE032AD0E3F}.Debug|Any CPU.ActiveCfg = Debug|Any CPU
		{2CD357B0-EDA8-4E9E-9D8B-3DE032AD0E3F}.Debug|Any CPU.Build.0 = Debug|Any CPU
		{2CD357B0-EDA8-4E9E-9D8B-3DE032AD0E3F}.Release|Any CPU.ActiveCfg = Release|Any CPU
		{2CD357B0-EDA8-4E9E-9D8B-3DE032AD0E3F}.Release|Any CPU.Build.0 = Release|Any CPU
		{A1FAE28F-9910-4D86-B837-3A8E622F0416}.Debug|Any CPU.ActiveCfg = Debug|Any CPU
		{A1FAE28F-9910-4D86-B837-3A8E622F0416}.Debug|Any CPU.Build.0 = Debug|Any CPU
		{A1FAE28F-9910-4D86-B837-3A8E622F0416}.Release|Any CPU.ActiveCfg = Release|Any CPU
		{A1FAE28F-9910-4D86-B837-3A8E622F0416}.Release|Any CPU.Build.0 = Release|Any CPU
		{809686E5-AE4A-48A6-9293-CDC663A093E5}.Debug|Any CPU.ActiveCfg = Debug|Any CPU
		{809686E5-AE4A-48A6-9293-CDC663A093E5}.Debug|Any CPU.Build.0 = Debug|Any CPU
		{809686E5-AE4A-48A6-9293-CDC663A093E5}.Release|Any CPU.ActiveCfg = Release|Any CPU
		{809686E5-AE4A-48A6-9293-CDC663A093E5}.Release|Any CPU.Build.0 = Release|Any CPU
		{EFDC5D71-77E6-4679-B3B9-640CD1D7942D}.Debug|Any CPU.ActiveCfg = Debug|Any CPU
		{EFDC5D71-77E6-4679-B3B9-640CD1D7942D}.Debug|Any CPU.Build.0 = Debug|Any CPU
		{EFDC5D71-77E6-4679-B3B9-640CD1D7942D}.Release|Any CPU.ActiveCfg = Release|Any CPU
		{EFDC5D71-77E6-4679-B3B9-640CD1D7942D}.Release|Any CPU.Build.0 = Release|Any CPU
		{01CAECDD-ADC2-48E7-A2B5-2D118C1E9BA7}.Debug|Any CPU.ActiveCfg = Debug|Any CPU
		{01CAECDD-ADC2-48E7-A2B5-2D118C1E9BA7}.Debug|Any CPU.Build.0 = Debug|Any CPU
		{01CAECDD-ADC2-48E7-A2B5-2D118C1E9BA7}.Release|Any CPU.ActiveCfg = Release|Any CPU
		{01CAECDD-ADC2-48E7-A2B5-2D118C1E9BA7}.Release|Any CPU.Build.0 = Release|Any CPU
		{49767A65-7297-4AA3-911B-AF82CD512DB9}.Debug|Any CPU.ActiveCfg = Debug|Any CPU
		{49767A65-7297-4AA3-911B-AF82CD512DB9}.Debug|Any CPU.Build.0 = Debug|Any CPU
		{49767A65-7297-4AA3-911B-AF82CD512DB9}.Release|Any CPU.ActiveCfg = Release|Any CPU
		{49767A65-7297-4AA3-911B-AF82CD512DB9}.Release|Any CPU.Build.0 = Release|Any CPU
		{82A8CC19-0F8A-440F-A6C0-849FE12D73CE}.Debug|Any CPU.ActiveCfg = Debug|Any CPU
		{82A8CC19-0F8A-440F-A6C0-849FE12D73CE}.Debug|Any CPU.Build.0 = Debug|Any CPU
		{82A8CC19-0F8A-440F-A6C0-849FE12D73CE}.Release|Any CPU.ActiveCfg = Release|Any CPU
		{82A8CC19-0F8A-440F-A6C0-849FE12D73CE}.Release|Any CPU.Build.0 = Release|Any CPU
		{D81EB9F2-D793-4EA3-8A40-4F1A4B4496FC}.Debug|Any CPU.ActiveCfg = Debug|Any CPU
		{D81EB9F2-D793-4EA3-8A40-4F1A4B4496FC}.Debug|Any CPU.Build.0 = Debug|Any CPU
		{D81EB9F2-D793-4EA3-8A40-4F1A4B4496FC}.Release|Any CPU.ActiveCfg = Release|Any CPU
		{D81EB9F2-D793-4EA3-8A40-4F1A4B4496FC}.Release|Any CPU.Build.0 = Release|Any CPU
		{5553CB65-8053-4F6C-B798-0BF0BCB7DCAC}.Debug|Any CPU.ActiveCfg = Debug|Any CPU
		{5553CB65-8053-4F6C-B798-0BF0BCB7DCAC}.Debug|Any CPU.Build.0 = Debug|Any CPU
		{5553CB65-8053-4F6C-B798-0BF0BCB7DCAC}.Release|Any CPU.ActiveCfg = Release|Any CPU
		{5553CB65-8053-4F6C-B798-0BF0BCB7DCAC}.Release|Any CPU.Build.0 = Release|Any CPU
	EndGlobalSection
	GlobalSection(SolutionProperties) = preSolution
		HideSolutionNode = FALSE
	EndGlobalSection
	GlobalSection(NestedProjects) = preSolution
		{0DCABC52-4396-4280-B906-0D7A0D9DB056} = {C6F58060-43DF-45BD-B1B3-8472CC3CED8D}
		{BCD45269-625E-486B-A9C7-CFE519E0B599} = {39C8673E-9EBC-43F0-953A-3DE83AAD5C7D}
		{8AAB0C1F-52D1-44C2-B8E4-004D92B7933C} = {39C8673E-9EBC-43F0-953A-3DE83AAD5C7D}
		{93A8A565-3650-4206-BE61-F4E73750D5F0} = {6A977CCA-A304-424C-A93E-8DFDAD42EC35}
		{9F88E77E-EE8C-4B87-AA96-ABF998D8C927} = {6A977CCA-A304-424C-A93E-8DFDAD42EC35}
		{2CD357B0-EDA8-4E9E-9D8B-3DE032AD0E3F} = {C6F58060-43DF-45BD-B1B3-8472CC3CED8D}
		{A1FAE28F-9910-4D86-B837-3A8E622F0416} = {39C8673E-9EBC-43F0-953A-3DE83AAD5C7D}
		{809686E5-AE4A-48A6-9293-CDC663A093E5} = {6A977CCA-A304-424C-A93E-8DFDAD42EC35}
		{EFDC5D71-77E6-4679-B3B9-640CD1D7942D} = {13661E14-49B6-4EC7-98D4-2ACCA5E3B668}
		{01CAECDD-ADC2-48E7-A2B5-2D118C1E9BA7} = {C6F58060-43DF-45BD-B1B3-8472CC3CED8D}
		{49767A65-7297-4AA3-911B-AF82CD512DB9} = {4B3F8B44-16D8-4CC1-8C11-8CA8FA90C765}
		{82A8CC19-0F8A-440F-A6C0-849FE12D73CE} = {4B3F8B44-16D8-4CC1-8C11-8CA8FA90C765}
		{D81EB9F2-D793-4EA3-8A40-4F1A4B4496FC} = {6A977CCA-A304-424C-A93E-8DFDAD42EC35}
		{5553CB65-8053-4F6C-B798-0BF0BCB7DCAC} = {13661E14-49B6-4EC7-98D4-2ACCA5E3B668}
	EndGlobalSection
	GlobalSection(ExtensibilityGlobals) = postSolution
		SolutionGuid = {CC979E2E-D9EF-41B3-B53A-49CCFC985FEA}
	EndGlobalSection
EndGlobal
