
Microsoft Visual Studio Solution File, Format Version 12.00
# Visual Studio Version 17
VisualStudioVersion = 17.3.32804.467
MinimumVisualStudioVersion = 10.0.40219.1
Project("{9A19103F-16F7-4668-BE54-9A1E7A4F7556}") = "ConsoleHost", "ConsoleHost\ConsoleHost.csproj", "{8FBD4A98-6139-43C7-A18D-C2C392AF9237}"
EndProject
Project("{2150E333-8FDC-42A3-9474-1A3956D46DE8}") = "Telegram", "Telegram", "{F6772D9C-106A-4DFA-9AF9-753C74171417}"
EndProject
Project("{9A19103F-16F7-4668-BE54-9A1E7A4F7556}") = "TgGateway", "TgGateway\TgGateway.csproj", "{0DCABC52-4396-4280-B906-0D7A0D9DB056}"
EndProject
Project("{2150E333-8FDC-42A3-9474-1A3956D46DE8}") = "DataAccess", "DataAccess", "{C4A301EB-C3F2-4A7B-AC99-CC355771B471}"
EndProject
Project("{9A19103F-16F7-4668-BE54-9A1E7A4F7556}") = "Repositories", "Repositories\Repositories.csproj", "{BCD45269-625E-486B-A9C7-CFE519E0B599}"
EndProject
Project("{9A19103F-16F7-4668-BE54-9A1E7A4F7556}") = "EfRepositories", "EfRepositories\EfRepositories.csproj", "{8AAB0C1F-52D1-44C2-B8E4-004D92B7933C}"
EndProject
Project("{9A19103F-16F7-4668-BE54-9A1E7A4F7556}") = "TgChatsStorage", "TgChatsStorage\TgChatsStorage.csproj", "{93A8A565-3650-4206-BE61-F4E73750D5F0}"
EndProject
Project("{2150E333-8FDC-42A3-9474-1A3956D46DE8}") = "BuisnessLogic", "BuisnessLogic", "{4F854D44-B75A-4666-B603-A2AF8841D021}"
EndProject
Project("{9A19103F-16F7-4668-BE54-9A1E7A4F7556}") = "DriveServices", "DriveServices\DriveServices.csproj", "{ABA13824-DBCD-4DB2-915D-019C83806664}"
EndProject
Project("{2150E333-8FDC-42A3-9474-1A3956D46DE8}") = "Config", "Config", "{6A977CCA-A304-424C-A93E-8DFDAD42EC35}"
EndProject
Project("{9A19103F-16F7-4668-BE54-9A1E7A4F7556}") = "MappingConfig", "MappingConfig\MappingConfig.csproj", "{9F88E77E-EE8C-4B87-AA96-ABF998D8C927}"
EndProject
Project("{2150E333-8FDC-42A3-9474-1A3956D46DE8}") = "Frontend", "Frontend", "{0D6337E9-0F85-4720-A9F3-5903154FD61C}"
EndProject
Project("{9A19103F-16F7-4668-BE54-9A1E7A4F7556}") = "TgFrontend", "TgFrontend\TgFrontend.csproj", "{33320578-1BE0-4F05-A8C0-188239066F65}"
EndProject
Project("{2150E333-8FDC-42A3-9474-1A3956D46DE8}") = "DataTransfer", "DataTransfer", "{D00D747D-E005-4C10-94B2-B51C4D0F51D5}"
EndProject
Project("{9A19103F-16F7-4668-BE54-9A1E7A4F7556}") = "DataTransfer", "DataTransfer\DataTransfer.csproj", "{2CD357B0-EDA8-4E9E-9D8B-3DE032AD0E3F}"
EndProject
Project("{9A19103F-16F7-4668-BE54-9A1E7A4F7556}") = "MySqlMigrations", "MySqlMigrations\MySqlMigrations.csproj", "{A1FAE28F-9910-4D86-B837-3A8E622F0416}"
EndProject
Project("{FAE04EC0-301F-11D3-BF4B-00C04F79EFBC}") = "ServicesWebApi", "ServicesWebApi\ServicesWebApi.csproj", "{765EE9C4-7D6C-4072-9E16-31FCF8DE1BB1}"
EndProject
Project("{2150E333-8FDC-42A3-9474-1A3956D46DE8}") = "TgDrive.ServicesConfiguration", "TgDrive.ServicesConfiguration", "{E9A6363B-E184-4FEF-94D3-F7B2440B4606}"
EndProject
Project("{FAE04EC0-301F-11D3-BF4B-00C04F79EFBC}") = "ServicesExtensions", "ServicesExtensions\ServicesExtensions.csproj", "{E6D28F6A-DE68-42D9-806A-DBAB1EE23B88}"
EndProject
Project("{FAE04EC0-301F-11D3-BF4B-00C04F79EFBC}") = "TgServices", "TgServices\TgServices.csproj", "{CA52DDA0-E304-4A38-9E4A-12300080EFAE}"
EndProject
Project("{FAE04EC0-301F-11D3-BF4B-00C04F79EFBC}") = "TgServices.Shared", "TgServices.Shared\TgServices.Shared.csproj", "{809686E5-AE4A-48A6-9293-CDC663A093E5}"
EndProject
Project("{FAE04EC0-301F-11D3-BF4B-00C04F79EFBC}") = "TgAuth", "TgAuth\TgAuth.csproj", "{21E355F1-15F5-46A3-8010-AE36BF3D1270}"
EndProject
Global
	GlobalSection(SolutionConfigurationPlatforms) = preSolution
		Debug|Any CPU = Debug|Any CPU
		Release|Any CPU = Release|Any CPU
	EndGlobalSection
	GlobalSection(ProjectConfigurationPlatforms) = postSolution
		{8FBD4A98-6139-43C7-A18D-C2C392AF9237}.Debug|Any CPU.ActiveCfg = Debug|Any CPU
		{8FBD4A98-6139-43C7-A18D-C2C392AF9237}.Debug|Any CPU.Build.0 = Debug|Any CPU
		{8FBD4A98-6139-43C7-A18D-C2C392AF9237}.Release|Any CPU.ActiveCfg = Release|Any CPU
		{8FBD4A98-6139-43C7-A18D-C2C392AF9237}.Release|Any CPU.Build.0 = Release|Any CPU
		{0DCABC52-4396-4280-B906-0D7A0D9DB056}.Debug|Any CPU.ActiveCfg = Debug|Any CPU
		{0DCABC52-4396-4280-B906-0D7A0D9DB056}.Debug|Any CPU.Build.0 = Debug|Any CPU
		{0DCABC52-4396-4280-B906-0D7A0D9DB056}.Release|Any CPU.ActiveCfg = Release|Any CPU
		{0DCABC52-4396-4280-B906-0D7A0D9DB056}.Release|Any CPU.Build.0 = Release|Any CPU
		{BCD45269-625E-486B-A9C7-CFE519E0B599}.Debug|Any CPU.ActiveCfg = Debug|Any CPU
		{BCD45269-625E-486B-A9C7-CFE519E0B599}.Debug|Any CPU.Build.0 = Debug|Any CPU
		{BCD45269-625E-486B-A9C7-CFE519E0B599}.Release|Any CPU.ActiveCfg = Release|Any CPU
		{BCD45269-625E-486B-A9C7-CFE519E0B599}.Release|Any CPU.Build.0 = Release|Any CPU
		{8AAB0C1F-52D1-44C2-B8E4-004D92B7933C}.Debug|Any CPU.ActiveCfg = Debug|Any CPU
		{8AAB0C1F-52D1-44C2-B8E4-004D92B7933C}.Debug|Any CPU.Build.0 = Debug|Any CPU
		{8AAB0C1F-52D1-44C2-B8E4-004D92B7933C}.Release|Any CPU.ActiveCfg = Release|Any CPU
		{8AAB0C1F-52D1-44C2-B8E4-004D92B7933C}.Release|Any CPU.Build.0 = Release|Any CPU
		{93A8A565-3650-4206-BE61-F4E73750D5F0}.Debug|Any CPU.ActiveCfg = Debug|Any CPU
		{93A8A565-3650-4206-BE61-F4E73750D5F0}.Debug|Any CPU.Build.0 = Debug|Any CPU
		{93A8A565-3650-4206-BE61-F4E73750D5F0}.Release|Any CPU.ActiveCfg = Release|Any CPU
		{93A8A565-3650-4206-BE61-F4E73750D5F0}.Release|Any CPU.Build.0 = Release|Any CPU
		{ABA13824-DBCD-4DB2-915D-019C83806664}.Debug|Any CPU.ActiveCfg = Debug|Any CPU
		{ABA13824-DBCD-4DB2-915D-019C83806664}.Debug|Any CPU.Build.0 = Debug|Any CPU
		{ABA13824-DBCD-4DB2-915D-019C83806664}.Release|Any CPU.ActiveCfg = Release|Any CPU
		{ABA13824-DBCD-4DB2-915D-019C83806664}.Release|Any CPU.Build.0 = Release|Any CPU
		{9F88E77E-EE8C-4B87-AA96-ABF998D8C927}.Debug|Any CPU.ActiveCfg = Debug|Any CPU
		{9F88E77E-EE8C-4B87-AA96-ABF998D8C927}.Debug|Any CPU.Build.0 = Debug|Any CPU
		{9F88E77E-EE8C-4B87-AA96-ABF998D8C927}.Release|Any CPU.ActiveCfg = Release|Any CPU
		{9F88E77E-EE8C-4B87-AA96-ABF998D8C927}.Release|Any CPU.Build.0 = Release|Any CPU
		{33320578-1BE0-4F05-A8C0-188239066F65}.Debug|Any CPU.ActiveCfg = Debug|Any CPU
		{33320578-1BE0-4F05-A8C0-188239066F65}.Debug|Any CPU.Build.0 = Debug|Any CPU
		{33320578-1BE0-4F05-A8C0-188239066F65}.Release|Any CPU.ActiveCfg = Release|Any CPU
		{33320578-1BE0-4F05-A8C0-188239066F65}.Release|Any CPU.Build.0 = Release|Any CPU
		{2CD357B0-EDA8-4E9E-9D8B-3DE032AD0E3F}.Debug|Any CPU.ActiveCfg = Debug|Any CPU
		{2CD357B0-EDA8-4E9E-9D8B-3DE032AD0E3F}.Debug|Any CPU.Build.0 = Debug|Any CPU
		{2CD357B0-EDA8-4E9E-9D8B-3DE032AD0E3F}.Release|Any CPU.ActiveCfg = Release|Any CPU
		{2CD357B0-EDA8-4E9E-9D8B-3DE032AD0E3F}.Release|Any CPU.Build.0 = Release|Any CPU
		{A1FAE28F-9910-4D86-B837-3A8E622F0416}.Debug|Any CPU.ActiveCfg = Debug|Any CPU
		{A1FAE28F-9910-4D86-B837-3A8E622F0416}.Debug|Any CPU.Build.0 = Debug|Any CPU
		{A1FAE28F-9910-4D86-B837-3A8E622F0416}.Release|Any CPU.ActiveCfg = Release|Any CPU
		{A1FAE28F-9910-4D86-B837-3A8E622F0416}.Release|Any CPU.Build.0 = Release|Any CPU
		{765EE9C4-7D6C-4072-9E16-31FCF8DE1BB1}.Debug|Any CPU.ActiveCfg = Debug|Any CPU
		{765EE9C4-7D6C-4072-9E16-31FCF8DE1BB1}.Debug|Any CPU.Build.0 = Debug|Any CPU
		{765EE9C4-7D6C-4072-9E16-31FCF8DE1BB1}.Release|Any CPU.ActiveCfg = Release|Any CPU
		{765EE9C4-7D6C-4072-9E16-31FCF8DE1BB1}.Release|Any CPU.Build.0 = Release|Any CPU
		{E6D28F6A-DE68-42D9-806A-DBAB1EE23B88}.Debug|Any CPU.ActiveCfg = Debug|Any CPU
		{E6D28F6A-DE68-42D9-806A-DBAB1EE23B88}.Debug|Any CPU.Build.0 = Debug|Any CPU
		{E6D28F6A-DE68-42D9-806A-DBAB1EE23B88}.Release|Any CPU.ActiveCfg = Release|Any CPU
		{E6D28F6A-DE68-42D9-806A-DBAB1EE23B88}.Release|Any CPU.Build.0 = Release|Any CPU
		{CA52DDA0-E304-4A38-9E4A-12300080EFAE}.Debug|Any CPU.ActiveCfg = Debug|Any CPU
		{CA52DDA0-E304-4A38-9E4A-12300080EFAE}.Debug|Any CPU.Build.0 = Debug|Any CPU
		{CA52DDA0-E304-4A38-9E4A-12300080EFAE}.Release|Any CPU.ActiveCfg = Release|Any CPU
		{CA52DDA0-E304-4A38-9E4A-12300080EFAE}.Release|Any CPU.Build.0 = Release|Any CPU
		{809686E5-AE4A-48A6-9293-CDC663A093E5}.Debug|Any CPU.ActiveCfg = Debug|Any CPU
		{809686E5-AE4A-48A6-9293-CDC663A093E5}.Debug|Any CPU.Build.0 = Debug|Any CPU
		{809686E5-AE4A-48A6-9293-CDC663A093E5}.Release|Any CPU.ActiveCfg = Release|Any CPU
		{809686E5-AE4A-48A6-9293-CDC663A093E5}.Release|Any CPU.Build.0 = Release|Any CPU
		{21E355F1-15F5-46A3-8010-AE36BF3D1270}.Debug|Any CPU.ActiveCfg = Debug|Any CPU
		{21E355F1-15F5-46A3-8010-AE36BF3D1270}.Debug|Any CPU.Build.0 = Debug|Any CPU
		{21E355F1-15F5-46A3-8010-AE36BF3D1270}.Release|Any CPU.ActiveCfg = Release|Any CPU
		{21E355F1-15F5-46A3-8010-AE36BF3D1270}.Release|Any CPU.Build.0 = Release|Any CPU
	EndGlobalSection
	GlobalSection(SolutionProperties) = preSolution
		HideSolutionNode = FALSE
	EndGlobalSection
	GlobalSection(NestedProjects) = preSolution
		{0DCABC52-4396-4280-B906-0D7A0D9DB056} = {F6772D9C-106A-4DFA-9AF9-753C74171417}
		{BCD45269-625E-486B-A9C7-CFE519E0B599} = {C4A301EB-C3F2-4A7B-AC99-CC355771B471}
		{8AAB0C1F-52D1-44C2-B8E4-004D92B7933C} = {C4A301EB-C3F2-4A7B-AC99-CC355771B471}
		{93A8A565-3650-4206-BE61-F4E73750D5F0} = {F6772D9C-106A-4DFA-9AF9-753C74171417}
		{ABA13824-DBCD-4DB2-915D-019C83806664} = {4F854D44-B75A-4666-B603-A2AF8841D021}
		{9F88E77E-EE8C-4B87-AA96-ABF998D8C927} = {6A977CCA-A304-424C-A93E-8DFDAD42EC35}
		{33320578-1BE0-4F05-A8C0-188239066F65} = {0D6337E9-0F85-4720-A9F3-5903154FD61C}
		{2CD357B0-EDA8-4E9E-9D8B-3DE032AD0E3F} = {D00D747D-E005-4C10-94B2-B51C4D0F51D5}
		{A1FAE28F-9910-4D86-B837-3A8E622F0416} = {C4A301EB-C3F2-4A7B-AC99-CC355771B471}
		{E6D28F6A-DE68-42D9-806A-DBAB1EE23B88} = {E9A6363B-E184-4FEF-94D3-F7B2440B4606}
		{CA52DDA0-E304-4A38-9E4A-12300080EFAE} = {4F854D44-B75A-4666-B603-A2AF8841D021}
		{809686E5-AE4A-48A6-9293-CDC663A093E5} = {4F854D44-B75A-4666-B603-A2AF8841D021}
	EndGlobalSection
	GlobalSection(ExtensibilityGlobals) = postSolution
		SolutionGuid = {CC979E2E-D9EF-41B3-B53A-49CCFC985FEA}
	EndGlobalSection
EndGlobal
